
Microsoft Visual Studio Solution File, Format Version 12.00
# Visual Studio Version 17
VisualStudioVersion = 17.4.33110.190
MinimumVisualStudioVersion = 10.0.40219.1
Project("{9A19103F-16F7-4668-BE54-9A1E7A4F7556}") = "adventofcode23-1", "adventofcode23-1\adventofcode23-1.csproj", "{8065012A-F10A-4ED6-9E34-9A4E5CC3D1C1}"
EndProject
Project("{9A19103F-16F7-4668-BE54-9A1E7A4F7556}") = "adventofcode23-2", "adventofcode23-2\adventofcode23-2.csproj", "{343D8A5A-FD56-4F0E-80CE-7A1A80F65181}"
EndProject
Project("{9A19103F-16F7-4668-BE54-9A1E7A4F7556}") = "adventofcode23-3", "adventofcode23-3\adventofcode23-3.csproj", "{452E1D9A-91AC-4414-8D76-4E25CCF7EDA4}"
EndProject
Global
	GlobalSection(SolutionConfigurationPlatforms) = preSolution
		Debug|Any CPU = Debug|Any CPU
		Release|Any CPU = Release|Any CPU
	EndGlobalSection
	GlobalSection(ProjectConfigurationPlatforms) = postSolution
		{8065012A-F10A-4ED6-9E34-9A4E5CC3D1C1}.Debug|Any CPU.ActiveCfg = Debug|Any CPU
		{8065012A-F10A-4ED6-9E34-9A4E5CC3D1C1}.Debug|Any CPU.Build.0 = Debug|Any CPU
		{8065012A-F10A-4ED6-9E34-9A4E5CC3D1C1}.Release|Any CPU.ActiveCfg = Release|Any CPU
		{8065012A-F10A-4ED6-9E34-9A4E5CC3D1C1}.Release|Any CPU.Build.0 = Release|Any CPU
		{343D8A5A-FD56-4F0E-80CE-7A1A80F65181}.Debug|Any CPU.ActiveCfg = Debug|Any CPU
		{343D8A5A-FD56-4F0E-80CE-7A1A80F65181}.Debug|Any CPU.Build.0 = Debug|Any CPU
		{343D8A5A-FD56-4F0E-80CE-7A1A80F65181}.Release|Any CPU.ActiveCfg = Release|Any CPU
		{343D8A5A-FD56-4F0E-80CE-7A1A80F65181}.Release|Any CPU.Build.0 = Release|Any CPU
		{452E1D9A-91AC-4414-8D76-4E25CCF7EDA4}.Debug|Any CPU.ActiveCfg = Debug|Any CPU
		{452E1D9A-91AC-4414-8D76-4E25CCF7EDA4}.Debug|Any CPU.Build.0 = Debug|Any CPU
		{452E1D9A-91AC-4414-8D76-4E25CCF7EDA4}.Release|Any CPU.ActiveCfg = Release|Any CPU
		{452E1D9A-91AC-4414-8D76-4E25CCF7EDA4}.Release|Any CPU.Build.0 = Release|Any CPU
	EndGlobalSection
	GlobalSection(SolutionProperties) = preSolution
		HideSolutionNode = FALSE
	EndGlobalSection
	GlobalSection(ExtensibilityGlobals) = postSolution
		SolutionGuid = {FFF703DD-64BF-46E7-98F4-8DD611207883}
	EndGlobalSection
EndGlobal
